
Microsoft Visual Studio Solution File, Format Version 12.00
# Visual Studio Version 17
VisualStudioVersion = 17.9.34723.18
MinimumVisualStudioVersion = 10.0.40219.1
Project("{8BC9CEB8-8B4A-11D0-8D11-00A0C91BC942}") = "0403.c", "0403.c\0403.c.vcxproj", "{F0F46EC2-EAAA-4399-AB38-890522D1D69B}"
EndProject
Global
	GlobalSection(SolutionConfigurationPlatforms) = preSolution
		Debug|x64 = Debug|x64
		Debug|x86 = Debug|x86
		Release|x64 = Release|x64
		Release|x86 = Release|x86
	EndGlobalSection
	GlobalSection(ProjectConfigurationPlatforms) = postSolution
		{F0F46EC2-EAAA-4399-AB38-890522D1D69B}.Debug|x64.ActiveCfg = Debug|x64
		{F0F46EC2-EAAA-4399-AB38-890522D1D69B}.Debug|x64.Build.0 = Debug|x64
		{F0F46EC2-EAAA-4399-AB38-890522D1D69B}.Debug|x86.ActiveCfg = Debug|Win32
		{F0F46EC2-EAAA-4399-AB38-890522D1D69B}.Debug|x86.Build.0 = Debug|Win32
		{F0F46EC2-EAAA-4399-AB38-890522D1D69B}.Release|x64.ActiveCfg = Release|x64
		{F0F46EC2-EAAA-4399-AB38-890522D1D69B}.Release|x64.Build.0 = Release|x64
		{F0F46EC2-EAAA-4399-AB38-890522D1D69B}.Release|x86.ActiveCfg = Release|Win32
		{F0F46EC2-EAAA-4399-AB38-890522D1D69B}.Release|x86.Build.0 = Release|Win32
	EndGlobalSection
	GlobalSection(SolutionProperties) = preSolution
		HideSolutionNode = FALSE
	EndGlobalSection
	GlobalSection(ExtensibilityGlobals) = postSolution
		SolutionGuid = {351F98AD-C427-41AB-AD59-3FF9934A894F}
	EndGlobalSection
EndGlobal
