
Microsoft Visual Studio Solution File, Format Version 12.00
# Visual Studio Version 17
VisualStudioVersion = 17.9.34723.18
MinimumVisualStudioVersion = 10.0.40219.1
Project("{8BC9CEB8-8B4A-11D0-8D11-00A0C91BC942}") = "0401_C", "0401_C\0401_C.vcxproj", "{5769F75A-6902-44E0-8173-6BB08BCCDF8F}"
EndProject
Global
	GlobalSection(SolutionConfigurationPlatforms) = preSolution
		Debug|x64 = Debug|x64
		Debug|x86 = Debug|x86
		Release|x64 = Release|x64
		Release|x86 = Release|x86
	EndGlobalSection
	GlobalSection(ProjectConfigurationPlatforms) = postSolution
		{5769F75A-6902-44E0-8173-6BB08BCCDF8F}.Debug|x64.ActiveCfg = Debug|x64
		{5769F75A-6902-44E0-8173-6BB08BCCDF8F}.Debug|x64.Build.0 = Debug|x64
		{5769F75A-6902-44E0-8173-6BB08BCCDF8F}.Debug|x86.ActiveCfg = Debug|Win32
		{5769F75A-6902-44E0-8173-6BB08BCCDF8F}.Debug|x86.Build.0 = Debug|Win32
		{5769F75A-6902-44E0-8173-6BB08BCCDF8F}.Release|x64.ActiveCfg = Release|x64
		{5769F75A-6902-44E0-8173-6BB08BCCDF8F}.Release|x64.Build.0 = Release|x64
		{5769F75A-6902-44E0-8173-6BB08BCCDF8F}.Release|x86.ActiveCfg = Release|Win32
		{5769F75A-6902-44E0-8173-6BB08BCCDF8F}.Release|x86.Build.0 = Release|Win32
	EndGlobalSection
	GlobalSection(SolutionProperties) = preSolution
		HideSolutionNode = FALSE
	EndGlobalSection
	GlobalSection(ExtensibilityGlobals) = postSolution
		SolutionGuid = {8C2030B9-1575-46A6-BE12-FC446F705BBE}
	EndGlobalSection
EndGlobal
